
Microsoft Visual Studio Solution File, Format Version 12.00
# Visual Studio Version 17
VisualStudioVersion = 17.9.34607.119
MinimumVisualStudioVersion = 10.0.40219.1
Project("{FAE04EC0-301F-11D3-BF4B-00C04F79EFBC}") = "MyATMApp", "MyATMApp.csproj", "{D55F541B-00EF-420D-BF3E-1253CF96AD85}"
EndProject
Global
	GlobalSection(SolutionConfigurationPlatforms) = preSolution
		Debug|Any CPU = Debug|Any CPU
		Release|Any CPU = Release|Any CPU
	EndGlobalSection
	GlobalSection(ProjectConfigurationPlatforms) = postSolution
		{D55F541B-00EF-420D-BF3E-1253CF96AD85}.Debug|Any CPU.ActiveCfg = Debug|Any CPU
		{D55F541B-00EF-420D-BF3E-1253CF96AD85}.Debug|Any CPU.Build.0 = Debug|Any CPU
		{D55F541B-00EF-420D-BF3E-1253CF96AD85}.Release|Any CPU.ActiveCfg = Release|Any CPU
		{D55F541B-00EF-420D-BF3E-1253CF96AD85}.Release|Any CPU.Build.0 = Release|Any CPU
	EndGlobalSection
	GlobalSection(SolutionProperties) = preSolution
		HideSolutionNode = FALSE
	EndGlobalSection
	GlobalSection(ExtensibilityGlobals) = postSolution
		SolutionGuid = {F6A7D1A6-79AB-43E7-817E-CBA3007FB2DC}
	EndGlobalSection
EndGlobal
